{
  "version": 4,
  "terraform_version": "1.14.1",
  "serial": 11,
  "lineage": "cb0eacd7-5929-8f88-ac35-60563ec11406",
  "outputs": {
    "network_name": {
      "value": "knu-effi3elov3-vpc",
      "type": "string"
    },
    "redirector_external_ip": {
      "value": "34.64.41.167",
      "type": "string"
    },
    "redirector_url": {
      "value": "http://34.64.41.167",
      "type": "string"
    },
    "subnet_name": {
      "value": "knu-effi3elov3-subnet",
      "type": "string"
    }
  },
  "resources": [
    {
      "mode": "managed",
      "type": "google_compute_firewall",
      "name": "http_from_all",
      "provider": "provider[\"registry.terraform.io/hashicorp/google\"]",
      "instances": [
        {
          "schema_version": 1,
          "attributes": {
            "allow": [
              {
                "ports": [
                  "80"
                ],
                "protocol": "tcp"
              }
            ],
            "creation_timestamp": "2025-10-05T04:07:18.786-07:00",
            "deny": [],
            "description": "",
            "destination_ranges": [],
            "direction": "INGRESS",
            "disabled": false,
            "enable_logging": null,
            "id": "projects/sesac-effi3elov3/global/firewalls/knu-effi3elov3-http-all",
            "log_config": [],
            "name": "knu-effi3elov3-http-all",
            "network": "https://www.googleapis.com/compute/v1/projects/sesac-effi3elov3/global/networks/knu-effi3elov3-vpc",
            "params": [],
            "priority": 1000,
            "project": "sesac-effi3elov3",
            "self_link": "https://www.googleapis.com/compute/v1/projects/sesac-effi3elov3/global/firewalls/knu-effi3elov3-http-all",
            "source_ranges": [
              "0.0.0.0/0"
            ],
            "source_service_accounts": [],
            "source_tags": [],
            "target_service_accounts": [],
            "target_tags": [
              "knu-effi3elov3-tag"
            ],
            "timeouts": null
          },
          "sensitive_attributes": [],
          "identity_schema_version": 0,
          "private": "eyJlMmJmYjczMC1lY2FhLTExZTYtOGY4OC0zNDM2M2JjN2M0YzAiOnsiY3JlYXRlIjoxMjAwMDAwMDAwMDAwLCJkZWxldGUiOjEyMDAwMDAwMDAwMDAsInVwZGF0ZSI6MTIwMDAwMDAwMDAwMH0sInNjaGVtYV92ZXJzaW9uIjoiMSJ9",
          "dependencies": [
            "google_compute_network.this"
          ]
        }
      ]
    },
    {
      "mode": "managed",
      "type": "google_compute_firewall",
      "name": "ssh_from_home",
      "provider": "provider[\"registry.terraform.io/hashicorp/google\"]",
      "instances": [
        {
          "schema_version": 1,
          "attributes": {
            "allow": [
              {
                "ports": [
                  "22"
                ],
                "protocol": "tcp"
              }
            ],
            "creation_timestamp": "2025-10-05T04:07:18.558-07:00",
            "deny": [],
            "description": "",
            "destination_ranges": [],
            "direction": "INGRESS",
            "disabled": false,
            "enable_logging": null,
            "id": "projects/sesac-effi3elov3/global/firewalls/knu-effi3elov3-ssh-home",
            "log_config": [],
            "name": "knu-effi3elov3-ssh-home",
            "network": "https://www.googleapis.com/compute/v1/projects/sesac-effi3elov3/global/networks/knu-effi3elov3-vpc",
            "params": [],
            "priority": 1000,
            "project": "sesac-effi3elov3",
            "self_link": "https://www.googleapis.com/compute/v1/projects/sesac-effi3elov3/global/firewalls/knu-effi3elov3-ssh-home",
            "source_ranges": [
              "61.80.203.117/32"
            ],
            "source_service_accounts": [],
            "source_tags": [],
            "target_service_accounts": [],
            "target_tags": [
              "knu-effi3elov3-tag"
            ],
            "timeouts": null
          },
          "sensitive_attributes": [],
          "identity_schema_version": 0,
          "private": "eyJlMmJmYjczMC1lY2FhLTExZTYtOGY4OC0zNDM2M2JjN2M0YzAiOnsiY3JlYXRlIjoxMjAwMDAwMDAwMDAwLCJkZWxldGUiOjEyMDAwMDAwMDAwMDAsInVwZGF0ZSI6MTIwMDAwMDAwMDAwMH0sInNjaGVtYV92ZXJzaW9uIjoiMSJ9",
          "dependencies": [
            "google_compute_network.this"
          ]
        }
      ]
    },
    {
      "mode": "managed",
      "type": "google_compute_instance",
      "name": "redirector",
      "provider": "provider[\"registry.terraform.io/hashicorp/google\"]",
      "instances": [
        {
          "schema_version": 6,
          "attributes": {
            "advanced_machine_features": [],
            "allow_stopping_for_update": null,
            "attached_disk": [],
            "boot_disk": [
              {
                "auto_delete": true,
                "device_name": "persistent-disk-0",
                "disk_encryption_key_raw": "",
                "disk_encryption_key_rsa": "",
                "disk_encryption_key_sha256": "",
                "disk_encryption_service_account": "",
                "force_attach": false,
                "guest_os_features": [
                  "VIRTIO_SCSI_MULTIQUEUE",
                  "SEV_CAPABLE",
                  "SEV_SNP_CAPABLE",
                  "SEV_LIVE_MIGRATABLE",
                  "SEV_LIVE_MIGRATABLE_V2",
                  "IDPF",
                  "TDX_CAPABLE",
                  "UEFI_COMPATIBLE",
                  "GVNIC"
                ],
                "initialize_params": [
                  {
                    "architecture": "X86_64",
                    "enable_confidential_compute": false,
                    "image": "https://www.googleapis.com/compute/v1/projects/ubuntu-os-cloud/global/images/ubuntu-2204-jammy-v20251203",
                    "labels": {},
                    "provisioned_iops": 0,
                    "provisioned_throughput": 0,
                    "resource_manager_tags": null,
                    "resource_policies": [],
                    "size": 10,
                    "snapshot": "",
                    "source_image_encryption_key": [],
                    "source_snapshot_encryption_key": [],
                    "storage_pool": "",
                    "type": "pd-balanced"
                  }
                ],
                "interface": "",
                "kms_key_self_link": "",
                "mode": "READ_WRITE",
                "source": "https://www.googleapis.com/compute/v1/projects/sesac-effi3elov3/zones/asia-northeast3-a/disks/knu-effi3elov3-vm"
              }
            ],
            "can_ip_forward": false,
            "confidential_instance_config": [],
            "cpu_platform": "Intel Broadwell",
            "creation_timestamp": "2025-12-11T02:42:51.944-08:00",
            "current_status": "RUNNING",
            "deletion_protection": false,
            "description": "",
            "desired_status": null,
            "effective_labels": {
              "component": "redirector",
              "goog-terraform-provisioned": "true",
              "project": "stiletto",
              "safeonly": "true"
            },
            "enable_display": false,
            "guest_accelerator": [],
            "hostname": "",
            "id": "projects/sesac-effi3elov3/zones/asia-northeast3-a/instances/knu-effi3elov3-vm",
            "instance_encryption_key": [],
            "instance_id": "1845798190362074820",
            "key_revocation_action_type": "",
            "label_fingerprint": "jMrzqxRIuFs=",
            "labels": {
              "component": "redirector",
              "project": "stiletto",
              "safeonly": "true"
            },
            "machine_type": "e2-micro",
            "metadata": {
              "block-project-ssh-keys": "true",
              "ssh-keys": "ubuntu:ssh-ed25519 AAAAC3NzaC1lZDI1NTE5AAAAIK1ezXzMWplQ3NAK3MSWB9Z5++PdWK3PUuNbEUTYyadJ stiletto",
              "startup-script": "#!/usr/bin/env bash\nset -euxo pipefail\napt-get update -y\nDEBIAN_FRONTEND=noninteractive apt-get install -y nginx\n\ncat \u003e/var/www/html/index.html \u003c\u003c'HTML'\n\u003c!doctype html\u003e\n\u003chtml\u003e\u003chead\u003e\u003cmeta charset=\"utf-8\"\u003e\u003ctitle\u003eStiletto Redirector (GCP)\u003c/title\u003e\u003c/head\u003e\n\u003cbody\u003e\n  \u003ch1\u003eStiletto Minimal Redirector (GCP)\u003c/h1\u003e\n  \u003cp\u003eThis VM serves a basic page for connectivity checks. No proxy/C2 is installed.\u003c/p\u003e\n\u003c/body\u003e\u003c/html\u003e\nHTML\n\nsystemctl enable nginx\nsystemctl restart nginx\n"
            },
            "metadata_fingerprint": "bGwSWRQ34qo=",
            "metadata_startup_script": null,
            "min_cpu_platform": "",
            "name": "knu-effi3elov3-vm",
            "network_interface": [
              {
                "access_config": [
                  {
                    "nat_ip": "34.64.41.167",
                    "network_tier": "PREMIUM",
                    "public_ptr_domain_name": ""
                  }
                ],
                "alias_ip_range": [],
                "internal_ipv6_prefix_length": 0,
                "ipv6_access_config": [],
                "ipv6_access_type": "",
                "ipv6_address": "",
                "name": "nic0",
                "network": "https://www.googleapis.com/compute/v1/projects/sesac-effi3elov3/global/networks/knu-effi3elov3-vpc",
                "network_attachment": "",
                "network_ip": "10.20.1.4",
                "nic_type": "",
                "queue_count": 0,
                "stack_type": "IPV4_ONLY",
                "subnetwork": "https://www.googleapis.com/compute/v1/projects/sesac-effi3elov3/regions/asia-northeast3/subnetworks/knu-effi3elov3-subnet",
                "subnetwork_project": "sesac-effi3elov3"
              }
            ],
            "network_performance_config": [],
            "params": [],
            "project": "sesac-effi3elov3",
            "reservation_affinity": [],
            "resource_policies": null,
            "scheduling": [
              {
                "automatic_restart": true,
                "availability_domain": 0,
                "instance_termination_action": "",
                "local_ssd_recovery_timeout": [],
                "max_run_duration": [],
                "min_node_cpus": 0,
                "node_affinities": [],
                "on_host_maintenance": "MIGRATE",
                "on_instance_stop_action": [],
                "preemptible": false,
                "provisioning_model": "STANDARD",
                "termination_time": ""
              }
            ],
            "scratch_disk": [],
            "self_link": "https://www.googleapis.com/compute/v1/projects/sesac-effi3elov3/zones/asia-northeast3-a/instances/knu-effi3elov3-vm",
            "service_account": [],
            "shielded_instance_config": [
              {
                "enable_integrity_monitoring": true,
                "enable_secure_boot": false,
                "enable_vtpm": true
              }
            ],
            "tags": [
              "knu-effi3elov3-tag"
            ],
            "tags_fingerprint": "yu6IQjgo7yE=",
            "terraform_labels": {
              "component": "redirector",
              "goog-terraform-provisioned": "true",
              "project": "stiletto",
              "safeonly": "true"
            },
            "timeouts": null,
            "zone": "asia-northeast3-a"
          },
          "sensitive_attributes": [
            [
              {
                "type": "get_attr",
                "value": "boot_disk"
              },
              {
                "type": "index",
                "value": {
                  "value": 0,
                  "type": "number"
                }
              },
              {
                "type": "get_attr",
                "value": "disk_encryption_key_raw"
              }
            ],
            [
              {
                "type": "get_attr",
                "value": "boot_disk"
              },
              {
                "type": "index",
                "value": {
                  "value": 0,
                  "type": "number"
                }
              },
              {
                "type": "get_attr",
                "value": "disk_encryption_key_rsa"
              }
            ]
          ],
          "identity_schema_version": 0,
          "private": "eyJlMmJmYjczMC1lY2FhLTExZTYtOGY4OC0zNDM2M2JjN2M0YzAiOnsiY3JlYXRlIjoxMjAwMDAwMDAwMDAwLCJkZWxldGUiOjEyMDAwMDAwMDAwMDAsInVwZGF0ZSI6MTIwMDAwMDAwMDAwMH0sInNjaGVtYV92ZXJzaW9uIjoiNiJ9",
          "dependencies": [
            "google_compute_network.this",
            "google_compute_subnetwork.public",
            "google_project_service.compute"
          ]
        }
      ]
    },
    {
      "mode": "managed",
      "type": "google_compute_network",
      "name": "this",
      "provider": "provider[\"registry.terraform.io/hashicorp/google\"]",
      "instances": [
        {
          "schema_version": 0,
          "attributes": {
            "auto_create_subnetworks": false,
            "bgp_always_compare_med": false,
            "bgp_best_path_selection_mode": "LEGACY",
            "bgp_inter_region_cost": "",
            "delete_bgp_always_compare_med": false,
            "delete_default_routes_on_create": false,
            "description": "",
            "enable_ula_internal_ipv6": false,
            "gateway_ipv4": "",
            "id": "projects/sesac-effi3elov3/global/networks/knu-effi3elov3-vpc",
            "internal_ipv6_range": "",
            "mtu": 0,
            "name": "knu-effi3elov3-vpc",
            "network_firewall_policy_enforcement_order": "AFTER_CLASSIC_FIREWALL",
            "network_id": "4837063511220678581",
            "network_profile": "",
            "numeric_id": "4837063511220678581",
            "params": [],
            "project": "sesac-effi3elov3",
            "routing_mode": "REGIONAL",
            "self_link": "https://www.googleapis.com/compute/v1/projects/sesac-effi3elov3/global/networks/knu-effi3elov3-vpc",
            "timeouts": null
          },
          "sensitive_attributes": [],
          "identity_schema_version": 0,
          "private": "eyJlMmJmYjczMC1lY2FhLTExZTYtOGY4OC0zNDM2M2JjN2M0YzAiOnsiY3JlYXRlIjoxMjAwMDAwMDAwMDAwLCJkZWxldGUiOjEyMDAwMDAwMDAwMDAsInVwZGF0ZSI6MTIwMDAwMDAwMDAwMH19"
        }
      ]
    },
    {
      "mode": "managed",
      "type": "google_compute_subnetwork",
      "name": "public",
      "provider": "provider[\"registry.terraform.io/hashicorp/google\"]",
      "instances": [
        {
          "schema_version": 0,
          "attributes": {
            "creation_timestamp": "2025-10-05T04:07:19.327-07:00",
            "description": "",
            "external_ipv6_prefix": "",
            "fingerprint": null,
            "gateway_address": "10.20.1.1",
            "id": "projects/sesac-effi3elov3/regions/asia-northeast3/subnetworks/knu-effi3elov3-subnet",
            "internal_ipv6_prefix": "",
            "ip_cidr_range": "10.20.1.0/24",
            "ip_collection": null,
            "ipv6_access_type": "",
            "ipv6_cidr_range": "",
            "ipv6_gce_endpoint": "",
            "log_config": [],
            "name": "knu-effi3elov3-subnet",
            "network": "https://www.googleapis.com/compute/v1/projects/sesac-effi3elov3/global/networks/knu-effi3elov3-vpc",
            "params": [],
            "private_ip_google_access": false,
            "private_ipv6_google_access": "DISABLE_GOOGLE_ACCESS",
            "project": "sesac-effi3elov3",
            "purpose": "PRIVATE",
            "region": "asia-northeast3",
            "reserved_internal_range": "",
            "role": "",
            "secondary_ip_range": [],
            "self_link": "https://www.googleapis.com/compute/v1/projects/sesac-effi3elov3/regions/asia-northeast3/subnetworks/knu-effi3elov3-subnet",
            "send_secondary_ip_range_if_empty": null,
            "stack_type": "IPV4_ONLY",
            "state": "",
            "subnetwork_id": 2707455852114079624,
            "timeouts": null
          },
          "sensitive_attributes": [],
          "identity_schema_version": 0,
          "private": "eyJlMmJmYjczMC1lY2FhLTExZTYtOGY4OC0zNDM2M2JjN2M0YzAiOnsiY3JlYXRlIjoxMjAwMDAwMDAwMDAwLCJkZWxldGUiOjEyMDAwMDAwMDAwMDAsInVwZGF0ZSI6MTIwMDAwMDAwMDAwMH19",
          "dependencies": [
            "google_compute_network.this"
          ]
        }
      ]
    },
    {
      "mode": "managed",
      "type": "google_project_service",
      "name": "compute",
      "provider": "provider[\"registry.terraform.io/hashicorp/google\"]",
      "instances": [
        {
          "schema_version": 0,
          "attributes": {
            "disable_dependent_services": null,
            "disable_on_destroy": false,
            "id": "sesac-effi3elov3/compute.googleapis.com",
            "project": "sesac-effi3elov3",
            "service": "compute.googleapis.com",
            "timeouts": null
          },
          "sensitive_attributes": [],
          "identity_schema_version": 0,
          "private": "eyJlMmJmYjczMC1lY2FhLTExZTYtOGY4OC0zNDM2M2JjN2M0YzAiOnsiY3JlYXRlIjoxMjAwMDAwMDAwMDAwLCJkZWxldGUiOjEyMDAwMDAwMDAwMDAsInJlYWQiOjYwMDAwMDAwMDAwMCwidXBkYXRlIjoxMjAwMDAwMDAwMDAwfX0="
        }
      ]
    }
  ],
  "check_results": [
    {
      "object_kind": "var",
      "config_addr": "var.home_ip",
      "status": "pass",
      "objects": [
        {
          "object_addr": "var.home_ip",
          "status": "pass"
        }
      ]
    }
  ]
}
